Microsoft Visual Studio Solution File, Format Version 12.00
# Visual Studio 2012
Project("{FAE04EC0-301F-11D3-BF4B-00C04F79EFBC}") = "Card-Game", "Card-Game.csproj", "{EAF6C42B-1D40-4988-8B81-6F57996E156A}"
EndProject
Global
	GlobalSection(SolutionConfigurationPlatforms) = preSolution
	Debug|Any CPU = Debug|Any CPU
	ExportDebug|Any CPU = ExportDebug|Any CPU
	ExportRelease|Any CPU = ExportRelease|Any CPU
	EndGlobalSection
	GlobalSection(ProjectConfigurationPlatforms) = postSolution
		{EAF6C42B-1D40-4988-8B81-6F57996E156A}.Debug|Any CPU.ActiveCfg = Debug|Any CPU
		{EAF6C42B-1D40-4988-8B81-6F57996E156A}.Debug|Any CPU.Build.0 = Debug|Any CPU
		{EAF6C42B-1D40-4988-8B81-6F57996E156A}.ExportDebug|Any CPU.ActiveCfg = ExportDebug|Any CPU
		{EAF6C42B-1D40-4988-8B81-6F57996E156A}.ExportDebug|Any CPU.Build.0 = ExportDebug|Any CPU
		{EAF6C42B-1D40-4988-8B81-6F57996E156A}.ExportRelease|Any CPU.ActiveCfg = ExportRelease|Any CPU
		{EAF6C42B-1D40-4988-8B81-6F57996E156A}.ExportRelease|Any CPU.Build.0 = ExportRelease|Any CPU
	EndGlobalSection
EndGlobal
